
Microsoft Visual Studio Solution File, Format Version 12.00
# Visual Studio Version 17
VisualStudioVersion = 17.7.34024.191
MinimumVisualStudioVersion = 10.0.40219.1
Project("{FAE04EC0-301F-11D3-BF4B-00C04F79EFBC}") = "eTickets", "eTickets\eTickets.csproj", "{DFACDFDD-F3FD-45E4-A258-F6135A638DE6}"
EndProject
Global
	GlobalSection(SolutionConfigurationPlatforms) = preSolution
		Debug|Any CPU = Debug|Any CPU
		Release|Any CPU = Release|Any CPU
	EndGlobalSection
	GlobalSection(ProjectConfigurationPlatforms) = postSolution
		{DFACDFDD-F3FD-45E4-A258-F6135A638DE6}.Debug|Any CPU.ActiveCfg = Debug|Any CPU
		{DFACDFDD-F3FD-45E4-A258-F6135A638DE6}.Debug|Any CPU.Build.0 = Debug|Any CPU
		{DFACDFDD-F3FD-45E4-A258-F6135A638DE6}.Release|Any CPU.ActiveCfg = Release|Any CPU
		{DFACDFDD-F3FD-45E4-A258-F6135A638DE6}.Release|Any CPU.Build.0 = Release|Any CPU
	EndGlobalSection
	GlobalSection(SolutionProperties) = preSolution
		HideSolutionNode = FALSE
	EndGlobalSection
	GlobalSection(ExtensibilityGlobals) = postSolution
		SolutionGuid = {3E663263-4DC1-4AED-BFA7-C6E04BCC5C21}
	EndGlobalSection
EndGlobal
